
Microsoft Visual Studio Solution File, Format Version 12.00
# Visual Studio Version 17
VisualStudioVersion = 17.0.31903.59
MinimumVisualStudioVersion = 10.0.40219.1
Project("{FAE04EC0-301F-11D3-BF4B-00C04F79EFBC}") = "ClientNumeri", "ClientNumeri\ClientNumeri.csproj", "{2F4D2FD3-895D-499D-B0DA-0739ADD638EB}"
EndProject
Global
	GlobalSection(SolutionConfigurationPlatforms) = preSolution
		Debug|Any CPU = Debug|Any CPU
		Release|Any CPU = Release|Any CPU
	EndGlobalSection
	GlobalSection(ProjectConfigurationPlatforms) = postSolution
		{2F4D2FD3-895D-499D-B0DA-0739ADD638EB}.Debug|Any CPU.ActiveCfg = Debug|Any CPU
		{2F4D2FD3-895D-499D-B0DA-0739ADD638EB}.Debug|Any CPU.Build.0 = Debug|Any CPU
		{2F4D2FD3-895D-499D-B0DA-0739ADD638EB}.Release|Any CPU.ActiveCfg = Release|Any CPU
		{2F4D2FD3-895D-499D-B0DA-0739ADD638EB}.Release|Any CPU.Build.0 = Release|Any CPU
	EndGlobalSection
	GlobalSection(SolutionProperties) = preSolution
		HideSolutionNode = FALSE
	EndGlobalSection
	GlobalSection(ExtensibilityGlobals) = postSolution
		SolutionGuid = {2BE6D189-2B96-42D8-871C-93D3BEFB8BB6}
	EndGlobalSection
EndGlobal
